
Microsoft Visual Studio Solution File, Format Version 12.00
# Visual Studio Version 17
VisualStudioVersion = 17.10.35004.147
MinimumVisualStudioVersion = 10.0.40219.1
Project("{FAE04EC0-301F-11D3-BF4B-00C04F79EFBC}") = "CellPhone", "CellPhone\CellPhone.csproj", "{996BBD00-1D39-4C80-8957-42F53B081FEC}"
EndProject
Global
	GlobalSection(SolutionConfigurationPlatforms) = preSolution
		Debug|Any CPU = Debug|Any CPU
		Release|Any CPU = Release|Any CPU
	EndGlobalSection
	GlobalSection(ProjectConfigurationPlatforms) = postSolution
		{996BBD00-1D39-4C80-8957-42F53B081FEC}.Debug|Any CPU.ActiveCfg = Debug|Any CPU
		{996BBD00-1D39-4C80-8957-42F53B081FEC}.Debug|Any CPU.Build.0 = Debug|Any CPU
		{996BBD00-1D39-4C80-8957-42F53B081FEC}.Release|Any CPU.ActiveCfg = Release|Any CPU
		{996BBD00-1D39-4C80-8957-42F53B081FEC}.Release|Any CPU.Build.0 = Release|Any CPU
	EndGlobalSection
	GlobalSection(SolutionProperties) = preSolution
		HideSolutionNode = FALSE
	EndGlobalSection
	GlobalSection(ExtensibilityGlobals) = postSolution
		SolutionGuid = {A03AB3BE-5FA4-48BC-87BB-DAF1225F82CF}
	EndGlobalSection
EndGlobal
